
Microsoft Visual Studio Solution File, Format Version 12.00
# Visual Studio Version 17
VisualStudioVersion = 17.4.33603.86
MinimumVisualStudioVersion = 10.0.40219.1
Project("{8BC9CEB8-8B4A-11D0-8D11-00A0C91BC942}") = "OpenGLGame", "OpenGLGame\OpenGLGame.vcxproj", "{F1426686-AA2C-45D2-A24E-BED41BB94C5D}"
EndProject
Global
	GlobalSection(SolutionConfigurationPlatforms) = preSolution
		Debug|x64 = Debug|x64
		Release|x64 = Release|x64
	EndGlobalSection
	GlobalSection(ProjectConfigurationPlatforms) = postSolution
		{F1426686-AA2C-45D2-A24E-BED41BB94C5D}.Debug|x64.ActiveCfg = Debug|x64
		{F1426686-AA2C-45D2-A24E-BED41BB94C5D}.Debug|x64.Build.0 = Debug|x64
		{F1426686-AA2C-45D2-A24E-BED41BB94C5D}.Release|x64.ActiveCfg = Release|x64
		{F1426686-AA2C-45D2-A24E-BED41BB94C5D}.Release|x64.Build.0 = Release|x64
	EndGlobalSection
	GlobalSection(SolutionProperties) = preSolution
		HideSolutionNode = FALSE
	EndGlobalSection
	GlobalSection(ExtensibilityGlobals) = postSolution
		SolutionGuid = {35D04EBE-B464-485E-A73F-7612A9455038}
	EndGlobalSection
EndGlobal
