
Microsoft Visual Studio Solution File, Format Version 12.00
# Visual Studio Version 17
VisualStudioVersion = 17.4.33603.86
MinimumVisualStudioVersion = 10.0.40219.1
Project("{8BC9CEB8-8B4A-11D0-8D11-00A0C91BC942}") = "WinTFFtoGFF", "WinTFFtoGFF\WinTFFtoGFF.vcxproj", "{475ABD3D-9660-453E-9812-24C7669ACFA4}"
EndProject
Global
	GlobalSection(SolutionConfigurationPlatforms) = preSolution
		Debug|x64 = Debug|x64
		Debug|x86 = Debug|x86
		Release|x64 = Release|x64
		Release|x86 = Release|x86
	EndGlobalSection
	GlobalSection(ProjectConfigurationPlatforms) = postSolution
		{475ABD3D-9660-453E-9812-24C7669ACFA4}.Debug|x64.ActiveCfg = Debug|x64
		{475ABD3D-9660-453E-9812-24C7669ACFA4}.Debug|x64.Build.0 = Debug|x64
		{475ABD3D-9660-453E-9812-24C7669ACFA4}.Debug|x86.ActiveCfg = Debug|Win32
		{475ABD3D-9660-453E-9812-24C7669ACFA4}.Debug|x86.Build.0 = Debug|Win32
		{475ABD3D-9660-453E-9812-24C7669ACFA4}.Release|x64.ActiveCfg = Release|x64
		{475ABD3D-9660-453E-9812-24C7669ACFA4}.Release|x64.Build.0 = Release|x64
		{475ABD3D-9660-453E-9812-24C7669ACFA4}.Release|x86.ActiveCfg = Release|Win32
		{475ABD3D-9660-453E-9812-24C7669ACFA4}.Release|x86.Build.0 = Release|Win32
	EndGlobalSection
	GlobalSection(SolutionProperties) = preSolution
		HideSolutionNode = FALSE
	EndGlobalSection
	GlobalSection(ExtensibilityGlobals) = postSolution
		SolutionGuid = {B8050F4E-DE9F-446F-B62A-20F5EB982449}
	EndGlobalSection
EndGlobal
